// !$*UTF8*$!
{
	archiveVersion = 1;
	classes = {
	};
	objectVersion = 48;
	objects = {

/* Begin PBXBuildFile section */
		079CB9F21FB171BD001C0BBE /* AppDelegate.swift in Sources */ = {isa = PBXBuildFile; fileRef = 079CB9F11FB171BD001C0BBE /* AppDelegate.swift */; };
		079CB9F41FB171BD001C0BBE /* LoginController.swift in Sources */ = {isa = PBXBuildFile; fileRef = 079CB9F31FB171BD001C0BBE /* LoginController.swift */; };
		079CB9F71FB171BD001C0BBE /* Main.storyboard in Resources */ = {isa = PBXBuildFile; fileRef = 079CB9F51FB171BD001C0BBE /* Main.storyboard */; };
		079CB9F91FB171BD001C0BBE /* Assets.xcassets in Resources */ = {isa = PBXBuildFile; fileRef = 079CB9F81FB171BD001C0BBE /* Assets.xcassets */; };
		079CB9FC1FB171BD001C0BBE /* LaunchScreen.storyboard in Resources */ = {isa = PBXBuildFile; fileRef = 079CB9FA1FB171BD001C0BBE /* LaunchScreen.storyboard */; };
		079CBA041FB186F3001C0BBE /* PageCell.swift in Sources */ = {isa = PBXBuildFile; fileRef = 079CBA031FB186F3001C0BBE /* PageCell.swift */; };
		079CBA061FB1E09C001C0BBE /* Page.swift in Sources */ = {isa = PBXBuildFile; fileRef = 079CBA051FB1E09C001C0BBE /* Page.swift */; };
		079CBA081FB1E907001C0BBE /* Extensions.swift in Sources */ = {isa = PBXBuildFile; fileRef = 079CBA071FB1E907001C0BBE /* Extensions.swift */; };
		079CBA0A1FB213E0001C0BBE /* LoginCell.swift in Sources */ = {isa = PBXBuildFile; fileRef = 079CBA091FB213E0001C0BBE /* LoginCell.swift */; };
		079CBA0C1FB224AB001C0BBE /* MainNavigationController.swift in Sources */ = {isa = PBXBuildFile; fileRef = 079CBA0B1FB224AB001C0BBE /* MainNavigationController.swift */; };
		079CBA0E1FB240F7001C0BBE /* HomeController.swift in Sources */ = {isa = PBXBuildFile; fileRef = 079CBA0D1FB240F7001C0BBE /* HomeController.swift */; };
		079CBA101FB24271001C0BBE /* UserDefaults+handler.swift in Sources */ = {isa = PBXBuildFile; fileRef = 079CBA0F1FB24271001C0BBE /* UserDefaults+handler.swift */; };
/* End PBXBuildFile section */

/* Begin PBXFileReference section */
		079CB9EE1FB171BD001C0BBE /* LoginGuide.app */ = {isa = PBXFileReference; explicitFileType = wrapper.application; includeInIndex = 0; path = LoginGuide.app; sourceTree = BUILT_PRODUCTS_DIR; };
		079CB9F11FB171BD001C0BBE /* AppDelegate.swift */ = {isa = PBXFileReference; lastKnownFileType = sourcecode.swift; path = AppDelegate.swift; sourceTree = "<group>"; };
		079CB9F31FB171BD001C0BBE /* LoginController.swift */ = {isa = PBXFileReference; lastKnownFileType = sourcecode.swift; path = LoginController.swift; sourceTree = "<group>"; };
		079CB9F61FB171BD001C0BBE /* Base */ = {isa = PBXFileReference; lastKnownFileType = file.storyboard; name = Base; path = Base.lproj/Main.storyboard; sourceTree = "<group>"; };
		079CB9F81FB171BD001C0BBE /* Assets.xcassets */ = {isa = PBXFileReference; lastKnownFileType = folder.assetcatalog; path = Assets.xcassets; sourceTree = "<group>"; };
		079CB9FB1FB171BD001C0BBE /* Base */ = {isa = PBXFileReference; lastKnownFileType = file.storyboard; name = Base; path = Base.lproj/LaunchScreen.storyboard; sourceTree = "<group>"; };
		079CB9FD1FB171BD001C0BBE /* Info.plist */ = {isa = PBXFileReference; lastKnownFileType = text.plist.xml; path = Info.plist; sourceTree = "<group>"; };
		079CBA031FB186F3001C0BBE /* PageCell.swift */ = {isa = PBXFileReference; lastKnownFileType = sourcecode.swift; path = PageCell.swift; sourceTree = "<group>"; };
		079CBA051FB1E09C001C0BBE /* Page.swift */ = {isa = PBXFileReference; lastKnownFileType = sourcecode.swift; path = Page.swift; sourceTree = "<group>"; };
		079CBA071FB1E907001C0BBE /* Extensions.swift */ = {isa = PBXFileReference; lastKnownFileType = sourcecode.swift; path = Extensions.swift; sourceTree = "<group>"; };
		079CBA091FB213E0001C0BBE /* LoginCell.swift */ = {isa = PBXFileReference; lastKnownFileType = sourcecode.swift; path = LoginCell.swift; sourceTree = "<group>"; };
		079CBA0B1FB224AB001C0BBE /* MainNavigationController.swift */ = {isa = PBXFileReference; lastKnownFileType = sourcecode.swift; path = MainNavigationController.swift; sourceTree = "<group>"; };
		079CBA0D1FB240F7001C0BBE /* HomeController.swift */ = {isa = PBXFileReference; lastKnownFileType = sourcecode.swift; path = HomeController.swift; sourceTree = "<group>"; };
		079CBA0F1FB24271001C0BBE /* UserDefaults+handler.swift */ = {isa = PBXFileReference; lastKnownFileType = sourcecode.swift; path = "UserDefaults+handler.swift"; sourceTree = "<group>"; };
/* End PBXFileReference section */

/* Begin PBXFrameworksBuildPhase section */
		079CB9EB1FB171BD001C0BBE /* Frameworks */ = {
			isa = PBXFrameworksBuildPhase;
			buildActionMask = 2147483647;
			files = (
			);
			runOnlyForDeploymentPostprocessing = 0;
		};
/* End PBXFrameworksBuildPhase section */

/* Begin PBXGroup section */
		079CB9E51FB171BD001C0BBE = {
			isa = PBXGroup;
			children = (
				079CB9F01FB171BD001C0BBE /* LoginGuide */,
				079CB9EF1FB171BD001C0BBE /* Products */,
			);
			sourceTree = "<group>";
		};
		079CB9EF1FB171BD001C0BBE /* Products */ = {
			isa = PBXGroup;
			children = (
				079CB9EE1FB171BD001C0BBE /* LoginGuide.app */,
			);
			name = Products;
			sourceTree = "<group>";
		};
		079CB9F01FB171BD001C0BBE /* LoginGuide */ = {
			isa = PBXGroup;
			children = (
				079CB9F11FB171BD001C0BBE /* AppDelegate.swift */,
				079CBA0B1FB224AB001C0BBE /* MainNavigationController.swift */,
				079CBA0D1FB240F7001C0BBE /* HomeController.swift */,
				079CBA0F1FB24271001C0BBE /* UserDefaults+handler.swift */,
				079CB9F31FB171BD001C0BBE /* LoginController.swift */,
				079CBA071FB1E907001C0BBE /* Extensions.swift */,
				079CBA091FB213E0001C0BBE /* LoginCell.swift */,
				079CBA031FB186F3001C0BBE /* PageCell.swift */,
				079CBA051FB1E09C001C0BBE /* Page.swift */,
				079CB9F51FB171BD001C0BBE /* Main.storyboard */,
				079CB9F81FB171BD001C0BBE /* Assets.xcassets */,
				079CB9FA1FB171BD001C0BBE /* LaunchScreen.storyboard */,
				079CB9FD1FB171BD001C0BBE /* Info.plist */,
			);
			path = LoginGuide;
			sourceTree = "<group>";
		};
/* End PBXGroup section */

/* Begin PBXNativeTarget section */
		079CB9ED1FB171BD001C0BBE /* LoginGuide */ = {
			isa = PBXNativeTarget;
			buildConfigurationList = 079CBA001FB171BD001C0BBE /* Build configuration list for PBXNativeTarget "LoginGuide" */;
			buildPhases = (
				079CB9EA1FB171BD001C0BBE /* Sources */,
				079CB9EB1FB171BD001C0BBE /* Frameworks */,
				079CB9EC1FB171BD001C0BBE /* Resources */,
			);
			buildRules = (
			);
			dependencies = (
			);
			name = LoginGuide;
			productName = LoginGuide;
			productReference = 079CB9EE1FB171BD001C0BBE /* LoginGuide.app */;
			productType = "com.apple.product-type.application";
		};
/* End PBXNativeTarget section */

/* Begin PBXProject section */
		079CB9E61FB171BD001C0BBE /* Project object */ = {
			isa = PBXProject;
			attributes = {
				LastSwiftUpdateCheck = 0910;
				LastUpgradeCheck = 0910;
				ORGANIZATIONNAME = PAC;
				TargetAttributes = {
					079CB9ED1FB171BD001C0BBE = {
						CreatedOnToolsVersion = 9.1;
						ProvisioningStyle = Automatic;
					};
				};
			};
			buildConfigurationList = 079CB9E91FB171BD001C0BBE /* Build configuration list for PBXProject "LoginGuide" */;
			compatibilityVersion = "Xcode 8.0";
			developmentRegion = en;
			hasScannedForEncodings = 0;
			knownRegions = (
				en,
				Base,
			);
			mainGroup = 079CB9E51FB171BD001C0BBE;
			productRefGroup = 079CB9EF1FB171BD001C0BBE /* Products */;
			projectDirPath = "";
			projectRoot = "";
			targets = (
				079CB9ED1FB171BD001C0BBE /* LoginGuide */,
			);
		};
/* End PBXProject section */

/* Begin PBXResourcesBuildPhase section */
		079CB9EC1FB171BD001C0BBE /* Resources */ = {
			isa = PBXResourcesBuildPhase;
			buildActionMask = 2147483647;
			files = (
				079CB9FC1FB171BD001C0BBE /* LaunchScreen.storyboard in Resources */,
				079CB9F91FB171BD001C0BBE /* Assets.xcassets in Resources */,
				079CB9F71FB171BD001C0BBE /* Main.storyboard in Resources */,
			);
			runOnlyForDeploymentPostprocessing = 0;
		};
/* End PBXResourcesBuildPhase section */

/* Begin PBXSourcesBuildPhase section */
		079CB9EA1FB171BD001C0BBE /* Sources */ = {
			isa = PBXSourcesBuildPhase;
			buildActionMask = 2147483647;
			files = (
				079CBA081FB1E907001C0BBE /* Extensions.swift in Sources */,
				079CB9F41FB171BD001C0BBE /* LoginController.swift in Sources */,
				079CB9F21FB171BD001C0BBE /* AppDelegate.swift in Sources */,
				079CBA101FB24271001C0BBE /* UserDefaults+handler.swift in Sources */,
				079CBA061FB1E09C001C0BBE /* Page.swift in Sources */,
				079CBA0E1FB240F7001C0BBE /* HomeController.swift in Sources */,
				079CBA0C1FB224AB001C0BBE /* MainNavigationController.swift in Sources */,
				079CBA041FB186F3001C0BBE /* PageCell.swift in Sources */,
				079CBA0A1FB213E0001C0BBE /* LoginCell.swift in Sources */,
			);
			runOnlyForDeploymentPostprocessing = 0;
		};
/* End PBXSourcesBuildPhase section */

/* Begin PBXVariantGroup section */
		079CB9F51FB171BD001C0BBE /* Main.storyboard */ = {
			isa = PBXVariantGroup;
			children = (
				079CB9F61FB171BD001C0BBE /* Base */,
			);
			name = Main.storyboard;
			sourceTree = "<group>";
		};
		079CB9FA1FB171BD001C0BBE /* LaunchScreen.storyboard */ = {
			isa = PBXVariantGroup;
			children = (
				079CB9FB1FB171BD001C0BBE /* Base */,
			);
			name = LaunchScreen.storyboard;
			sourceTree = "<group>";
		};
/* End PBXVariantGroup section */

/* Begin XCBuildConfiguration section */
		079CB9FE1FB171BD001C0BBE /* Debug */ = {
			isa = XCBuildConfiguration;
			buildSettings = {
				ALWAYS_SEARCH_USER_PATHS = NO;
				CLANG_ANALYZER_NONNULL = YES;
				CLANG_ANALYZER_NUMBER_OBJECT_CONVERSION = YES_AGGRESSIVE;
				CLANG_CXX_LANGUAGE_STANDARD = "gnu++14";
				CLANG_CXX_LIBRARY = "libc++";
				CLANG_ENABLE_MODULES = YES;
				CLANG_ENABLE_OBJC_ARC = YES;
				CLANG_WARN_BLOCK_CAPTURE_AUTORELEASING = YES;
				CLANG_WARN_BOOL_CONVERSION = YES;
				CLANG_WARN_COMMA = YES;
				CLANG_WARN_CONSTANT_CONVERSION = YES;
				CLANG_WARN_DIRECT_OBJC_ISA_USAGE = YES_ERROR;
				CLANG_WARN_DOCUMENTATION_COMMENTS = YES;
				CLANG_WARN_EMPTY_BODY = YES;
				CLANG_WARN_ENUM_CONVERSION = YES;
				CLANG_WARN_INFINITE_RECURSION = YES;
				CLANG_WARN_INT_CONVERSION = YES;
				CLANG_WARN_NON_LITERAL_NULL_CONVERSION = YES;
				CLANG_WARN_OBJC_LITERAL_CONVERSION = YES;
				CLANG_WARN_OBJC_ROOT_CLASS = YES_ERROR;
				CLANG_WARN_RANGE_LOOP_ANALYSIS = YES;
				CLANG_WARN_STRICT_PROTOTYPES = YES;
				CLANG_WARN_SUSPICIOUS_MOVE = YES;
				CLANG_WARN_UNGUARDED_AVAILABILITY = YES_AGGRESSIVE;
				CLANG_WARN_UNREACHABLE_CODE = YES;
				CLANG_WARN__DUPLICATE_METHOD_MATCH = YES;
				CODE_SIGN_IDENTITY = "iPhone Developer";
				COPY_PHASE_STRIP = NO;
				DEBUG_INFORMATION_FORMAT = dwarf;
				ENABLE_STRICT_OBJC_MSGSEND = YES;
				ENABLE_TESTABILITY = YES;
				GCC_C_LANGUAGE_STANDARD = gnu11;
				GCC_DYNAMIC_NO_PIC = NO;
				GCC_NO_COMMON_BLOCKS = YES;
				GCC_OPTIMIZATION_LEVEL = 0;
				GCC_PREPROCESSOR_DEFINITIONS = (
					"DEBUG=1",
					"$(inherited)",
				);
				GCC_WARN_64_TO_32_BIT_CONVERSION = YES;
				GCC_WARN_ABOUT_RETURN_TYPE = YES_ERROR;
				GCC_WARN_UNDECLARED_SELECTOR = YES;
				GCC_WARN_UNINITIALIZED_AUTOS = YES_AGGRESSIVE;
				GCC_WARN_UNUSED_FUNCTION = YES;
				GCC_WARN_UNUSED_VARIABLE = YES;
				IPHONEOS_DEPLOYMENT_TARGET = 11.1;
				MTL_ENABLE_DEBUG_INFO = YES;
				ONLY_ACTIVE_ARCH = YES;
				SDKROOT = iphoneos;
				SWIFT_ACTIVE_COMPILATION_CONDITIONS = DEBUG;
				SWIFT_OPTIMIZATION_LEVEL = "-Onone";
			};
			name = Debug;
		};
		079CB9FF1FB171BD001C0BBE /* Release */ = {
			isa = XCBuildConfiguration;
			buildSettings = {
				ALWAYS_SEARCH_USER_PATHS = NO;
				CLANG_ANALYZER_NONNULL = YES;
				CLANG_ANALYZER_NUMBER_OBJECT_CONVERSION = YES_AGGRESSIVE;
				CLANG_CXX_LANGUAGE_STANDARD = "gnu++14";
				CLANG_CXX_LIBRARY = "libc++";
				CLANG_ENABLE_MODULES = YES;
				CLANG_ENABLE_OBJC_ARC = YES;
				CLANG_WARN_BLOCK_CAPTURE_AUTORELEASING = YES;
				CLANG_WARN_BOOL_CONVERSION = YES;
				CLANG_WARN_COMMA = YES;
				CLANG_WARN_CONSTANT_CONVERSION = YES;
				CLANG_WARN_DIRECT_OBJC_ISA_USAGE = YES_ERROR;
				CLANG_WARN_DOCUMENTATION_COMMENTS = YES;
				CLANG_WARN_EMPTY_BODY = YES;
				CLANG_WARN_ENUM_CONVERSION = YES;
				CLANG_WARN_INFINITE_RECURSION = YES;
				CLANG_WARN_INT_CONVERSION = YES;
				CLANG_WARN_NON_LITERAL_NULL_CONVERSION = YES;
				CLANG_WARN_OBJC_LITERAL_CONVERSION = YES;
				CLANG_WARN_OBJC_ROOT_CLASS = YES_ERROR;
				CLANG_WARN_RANGE_LOOP_ANALYSIS = YES;
				CLANG_WARN_STRICT_PROTOTYPES = YES;
				CLANG_WARN_SUSPICIOUS_MOVE = YES;
				CLANG_WARN_UNGUARDED_AVAILABILITY = YES_AGGRESSIVE;
				CLANG_WARN_UNREACHABLE_CODE = YES;
				CLANG_WARN__DUPLICATE_METHOD_MATCH = YES;
				CODE_SIGN_IDENTITY = "iPhone Developer";
				COPY_PHASE_STRIP = NO;
				DEBUG_INFORMATION_FORMAT = "dwarf-with-dsym";
				ENABLE_NS_ASSERTIONS = NO;
				ENABLE_STRICT_OBJC_MSGSEND = YES;
				GCC_C_LANGUAGE_STANDARD = gnu11;
				GCC_NO_COMMON_BLOCKS = YES;
				GCC_WARN_64_TO_32_BIT_CONVERSION = YES;
				GCC_WARN_ABOUT_RETURN_TYPE = YES_ERROR;
				GCC_WARN_UNDECLARED_SELECTOR = YES;
				GCC_WARN_UNINITIALIZED_AUTOS = YES_AGGRESSIVE;
				GCC_WARN_UNUSED_FUNCTION = YES;
				GCC_WARN_UNUSED_VARIABLE = YES;
				IPHONEOS_DEPLOYMENT_TARGET = 11.1;
				MTL_ENABLE_DEBUG_INFO = NO;
				SDKROOT = iphoneos;
				SWIFT_OPTIMIZATION_LEVEL = "-Owholemodule";
				VALIDATE_PRODUCT = YES;
			};
			name = Release;
		};
		079CBA011FB171BD001C0BBE /* Debug */ = {
			isa = XCBuildConfiguration;
			buildSettings = {
				ASSETCATALOG_COMPILER_APPICON_NAME = AppIcon;
				CODE_SIGN_STYLE = Automatic;
				DEVELOPMENT_TEAM = AHA5JS655T;
				INFOPLIST_FILE = LoginGuide/Info.plist;
				IPHONEOS_DEPLOYMENT_TARGET = 10.0;
				LD_RUNPATH_SEARCH_PATHS = "$(inherited) @executable_path/Frameworks";
				PRODUCT_BUNDLE_IDENTIFIER = caesar.LoginGuide;
				PRODUCT_NAME = "$(TARGET_NAME)";
				SWIFT_VERSION = 4.0;
				TARGETED_DEVICE_FAMILY = "1,2";
			};
			name = Debug;
		};
		079CBA021FB171BD001C0BBE /* Release */ = {
			isa = XCBuildConfiguration;
			buildSettings = {
				ASSETCATALOG_COMPILER_APPICON_NAME = AppIcon;
				CODE_SIGN_STYLE = Automatic;
				DEVELOPMENT_TEAM = AHA5JS655T;
				INFOPLIST_FILE = LoginGuide/Info.plist;
				IPHONEOS_DEPLOYMENT_TARGET = 10.0;
				LD_RUNPATH_SEARCH_PATHS = "$(inherited) @executable_path/Frameworks";
				PRODUCT_BUNDLE_IDENTIFIER = caesar.LoginGuide;
				PRODUCT_NAME = "$(TARGET_NAME)";
				SWIFT_VERSION = 4.0;
				TARGETED_DEVICE_FAMILY = "1,2";
			};
			name = Release;
		};
/* End XCBuildConfiguration section */

/* Begin XCConfigurationList section */
		079CB9E91FB171BD001C0BBE /* Build configuration list for PBXProject "LoginGuide" */ = {
			isa = XCConfigurationList;
			buildConfigurations = (
				079CB9FE1FB171BD001C0BBE /* Debug */,
				079CB9FF1FB171BD001C0BBE /* Release */,
			);
			defaultConfigurationIsVisible = 0;
			defaultConfigurationName = Release;
		};
		079CBA001FB171BD001C0BBE /* Build configuration list for PBXNativeTarget "LoginGuide" */ = {
			isa = XCConfigurationList;
			buildConfigurations = (
				079CBA011FB171BD001C0BBE /* Debug */,
				079CBA021FB171BD001C0BBE /* Release */,
			);
			defaultConfigurationIsVisible = 0;
			defaultConfigurationName = Release;
		};
/* End XCConfigurationList section */
	};
	rootObject = 079CB9E61FB171BD001C0BBE /* Project object */;
}
